
Microsoft Visual Studio Solution File, Format Version 12.00
# Visual Studio Version 16
VisualStudioVersion = 16.0.30523.141
MinimumVisualStudioVersion = 10.0.40219.1
Project("{FAE04EC0-301F-11D3-BF4B-00C04F79EFBC}") = "RlktRFSPatchCreator", "RlktRFSPatchCreator\RlktRFSPatchCreator.csproj", "{62A90FA3-2428-470A-B7B2-EC6E401C50B0}"
EndProject
Global
	GlobalSection(SolutionConfigurationPlatforms) = preSolution
		Debug|Any CPU = Debug|Any CPU
		Release|Any CPU = Release|Any CPU
	EndGlobalSection
	GlobalSection(ProjectConfigurationPlatforms) = postSolution
		{62A90FA3-2428-470A-B7B2-EC6E401C50B0}.Debug|Any CPU.ActiveCfg = Debug|Any CPU
		{62A90FA3-2428-470A-B7B2-EC6E401C50B0}.Debug|Any CPU.Build.0 = Debug|Any CPU
		{62A90FA3-2428-470A-B7B2-EC6E401C50B0}.Release|Any CPU.ActiveCfg = Release|Any CPU
		{62A90FA3-2428-470A-B7B2-EC6E401C50B0}.Release|Any CPU.Build.0 = Release|Any CPU
	EndGlobalSection
	GlobalSection(SolutionProperties) = preSolution
		HideSolutionNode = FALSE
	EndGlobalSection
	GlobalSection(ExtensibilityGlobals) = postSolution
		SolutionGuid = {19E8C560-A753-49D8-9CF5-37E6EA1ABC8C}
	EndGlobalSection
EndGlobal
